
Microsoft Visual Studio Solution File, Format Version 12.00
# Visual Studio Version 17
VisualStudioVersion = 17.7.34031.279
MinimumVisualStudioVersion = 10.0.40219.1
Project("{FAE04EC0-301F-11D3-BF4B-00C04F79EFBC}") = "EmployeeManagement", "EmployeeManagement\EmployeeManagement.csproj", "{BFB8EB69-835D-441F-BB2A-81790D6901FE}"
EndProject
Global
	GlobalSection(SolutionConfigurationPlatforms) = preSolution
		Debug|Any CPU = Debug|Any CPU
		Release|Any CPU = Release|Any CPU
	EndGlobalSection
	GlobalSection(ProjectConfigurationPlatforms) = postSolution
		{BFB8EB69-835D-441F-BB2A-81790D6901FE}.Debug|Any CPU.ActiveCfg = Debug|Any CPU
		{BFB8EB69-835D-441F-BB2A-81790D6901FE}.Debug|Any CPU.Build.0 = Debug|Any CPU
		{BFB8EB69-835D-441F-BB2A-81790D6901FE}.Release|Any CPU.ActiveCfg = Release|Any CPU
		{BFB8EB69-835D-441F-BB2A-81790D6901FE}.Release|Any CPU.Build.0 = Release|Any CPU
	EndGlobalSection
	GlobalSection(SolutionProperties) = preSolution
		HideSolutionNode = FALSE
	EndGlobalSection
	GlobalSection(ExtensibilityGlobals) = postSolution
		SolutionGuid = {554BD03C-0E82-4CD2-908F-F7451185C09B}
	EndGlobalSection
EndGlobal
